
Microsoft Visual Studio Solution File, Format Version 12.00
# Visual Studio Version 17
VisualStudioVersion = 17.14.37111.16
MinimumVisualStudioVersion = 10.0.40219.1
Project("{FAE04EC0-301F-11D3-BF4B-00C04F79EFBC}") = "BlogProjesi", "BlogProjesi.csproj", "{F6F63B5B-4B6E-3FC0-8346-E20D71352684}"
EndProject
Global
	GlobalSection(SolutionConfigurationPlatforms) = preSolution
		Debug|Any CPU = Debug|Any CPU
		Debug|x64 = Debug|x64
		Debug|x86 = Debug|x86
		Release|Any CPU = Release|Any CPU
		Release|x64 = Release|x64
		Release|x86 = Release|x86
	EndGlobalSection
	GlobalSection(ProjectConfigurationPlatforms) = postSolution
		{F6F63B5B-4B6E-3FC0-8346-E20D71352684}.Debug|Any CPU.ActiveCfg = Debug|Any CPU
		{F6F63B5B-4B6E-3FC0-8346-E20D71352684}.Debug|Any CPU.Build.0 = Debug|Any CPU
		{F6F63B5B-4B6E-3FC0-8346-E20D71352684}.Debug|x64.ActiveCfg = Debug|Any CPU
		{F6F63B5B-4B6E-3FC0-8346-E20D71352684}.Debug|x64.Build.0 = Debug|Any CPU
		{F6F63B5B-4B6E-3FC0-8346-E20D71352684}.Debug|x86.ActiveCfg = Debug|Any CPU
		{F6F63B5B-4B6E-3FC0-8346-E20D71352684}.Debug|x86.Build.0 = Debug|Any CPU
		{F6F63B5B-4B6E-3FC0-8346-E20D71352684}.Release|Any CPU.ActiveCfg = Release|Any CPU
		{F6F63B5B-4B6E-3FC0-8346-E20D71352684}.Release|Any CPU.Build.0 = Release|Any CPU
		{F6F63B5B-4B6E-3FC0-8346-E20D71352684}.Release|x64.ActiveCfg = Release|Any CPU
		{F6F63B5B-4B6E-3FC0-8346-E20D71352684}.Release|x64.Build.0 = Release|Any CPU
		{F6F63B5B-4B6E-3FC0-8346-E20D71352684}.Release|x86.ActiveCfg = Release|Any CPU
		{F6F63B5B-4B6E-3FC0-8346-E20D71352684}.Release|x86.Build.0 = Release|Any CPU
	EndGlobalSection
	GlobalSection(SolutionProperties) = preSolution
		HideSolutionNode = FALSE
	EndGlobalSection
	GlobalSection(ExtensibilityGlobals) = postSolution
		SolutionGuid = {584E113E-FEEE-4BDF-B7FD-6F5AA2E5CA81}
	EndGlobalSection
EndGlobal
